
Microsoft Visual Studio Solution File, Format Version 12.00
# Visual Studio Version 17
VisualStudioVersion = 17.2.32630.192
MinimumVisualStudioVersion = 10.0.40219.1
Project("{FAE04EC0-301F-11D3-BF4B-00C04F79EFBC}") = "MyProject2", "MyProject2\MyProject2.csproj", "{F4D2B992-7941-4DDD-B777-989A37D04899}"
EndProject
Global
	GlobalSection(SolutionConfigurationPlatforms) = preSolution
		Debug|Any CPU = Debug|Any CPU
		Release|Any CPU = Release|Any CPU
	EndGlobalSection
	GlobalSection(ProjectConfigurationPlatforms) = postSolution
		{F4D2B992-7941-4DDD-B777-989A37D04899}.Debug|Any CPU.ActiveCfg = Debug|Any CPU
		{F4D2B992-7941-4DDD-B777-989A37D04899}.Debug|Any CPU.Build.0 = Debug|Any CPU
		{F4D2B992-7941-4DDD-B777-989A37D04899}.Release|Any CPU.ActiveCfg = Release|Any CPU
		{F4D2B992-7941-4DDD-B777-989A37D04899}.Release|Any CPU.Build.0 = Release|Any CPU
	EndGlobalSection
	GlobalSection(SolutionProperties) = preSolution
		HideSolutionNode = FALSE
	EndGlobalSection
	GlobalSection(ExtensibilityGlobals) = postSolution
		SolutionGuid = {E656AB65-F3E8-48BF-BED9-390650068D0E}
	EndGlobalSection
EndGlobal
